
Microsoft Visual Studio Solution File, Format Version 12.00
# Visual Studio Version 17
VisualStudioVersion = 17.4.33213.308
MinimumVisualStudioVersion = 10.0.40219.1
Project("{9A19103F-16F7-4668-BE54-9A1E7A4F7556}") = "KaraokeLib", "KaraokeLib\KaraokeLib.csproj", "{1A1A5DA0-5503-46F6-A6BE-E4F6CFF545C5}"
EndProject
Project("{9A19103F-16F7-4668-BE54-9A1E7A4F7556}") = "MidiToKaraoke", "MidiToKaraoke\MidiToKaraoke.csproj", "{3610455A-081E-4532-8169-59CA7021D109}"
EndProject
Project("{9A19103F-16F7-4668-BE54-9A1E7A4F7556}") = "KaraokeStudio", "KaraokeStudio\KaraokeStudio.csproj", "{A2CD0318-5BB4-4674-ADE4-C604E301786F}"
EndProject
Project("{9A19103F-16F7-4668-BE54-9A1E7A4F7556}") = "ScintillaNET", "ScintillaNET\src\ScintillaNET\ScintillaNET.csproj", "{22AE2386-60F1-476E-9303-61CDB0AAC4CF}"
EndProject
Project("{9A19103F-16F7-4668-BE54-9A1E7A4F7556}") = "WaveFormRendererLib", "NAudio.WaveFormRenderer\WaveFormRendererLib\WaveFormRendererLib.csproj", "{8B4144F8-C439-4416-8A98-05E1BB12AE12}"
EndProject
Project("{FAE04EC0-301F-11D3-BF4B-00C04F79EFBC}") = "KaraokeStudio.Blazor", "KaraokeStudio.Blazor\KaraokeStudio.Blazor.csproj", "{9D393CBC-E73F-4732-9E3D-ADD11E7010FC}"
EndProject
Global
	GlobalSection(SolutionConfigurationPlatforms) = preSolution
		Debug|Any CPU = Debug|Any CPU
		Release|Any CPU = Release|Any CPU
		Signed|Any CPU = Signed|Any CPU
	EndGlobalSection
	GlobalSection(ProjectConfigurationPlatforms) = postSolution
		{1A1A5DA0-5503-46F6-A6BE-E4F6CFF545C5}.Debug|Any CPU.ActiveCfg = Debug|Any CPU
		{1A1A5DA0-5503-46F6-A6BE-E4F6CFF545C5}.Debug|Any CPU.Build.0 = Debug|Any CPU
		{1A1A5DA0-5503-46F6-A6BE-E4F6CFF545C5}.Release|Any CPU.ActiveCfg = Release|Any CPU
		{1A1A5DA0-5503-46F6-A6BE-E4F6CFF545C5}.Release|Any CPU.Build.0 = Release|Any CPU
		{1A1A5DA0-5503-46F6-A6BE-E4F6CFF545C5}.Signed|Any CPU.ActiveCfg = Release|Any CPU
		{1A1A5DA0-5503-46F6-A6BE-E4F6CFF545C5}.Signed|Any CPU.Build.0 = Release|Any CPU
		{3610455A-081E-4532-8169-59CA7021D109}.Debug|Any CPU.ActiveCfg = Debug|Any CPU
		{3610455A-081E-4532-8169-59CA7021D109}.Debug|Any CPU.Build.0 = Debug|Any CPU
		{3610455A-081E-4532-8169-59CA7021D109}.Release|Any CPU.ActiveCfg = Release|Any CPU
		{3610455A-081E-4532-8169-59CA7021D109}.Release|Any CPU.Build.0 = Release|Any CPU
		{3610455A-081E-4532-8169-59CA7021D109}.Signed|Any CPU.ActiveCfg = Release|Any CPU
		{3610455A-081E-4532-8169-59CA7021D109}.Signed|Any CPU.Build.0 = Release|Any CPU
		{A2CD0318-5BB4-4674-ADE4-C604E301786F}.Debug|Any CPU.ActiveCfg = Debug|Any CPU
		{A2CD0318-5BB4-4674-ADE4-C604E301786F}.Debug|Any CPU.Build.0 = Debug|Any CPU
		{A2CD0318-5BB4-4674-ADE4-C604E301786F}.Release|Any CPU.ActiveCfg = Release|Any CPU
		{A2CD0318-5BB4-4674-ADE4-C604E301786F}.Release|Any CPU.Build.0 = Release|Any CPU
		{A2CD0318-5BB4-4674-ADE4-C604E301786F}.Signed|Any CPU.ActiveCfg = Release|Any CPU
		{A2CD0318-5BB4-4674-ADE4-C604E301786F}.Signed|Any CPU.Build.0 = Release|Any CPU
		{22AE2386-60F1-476E-9303-61CDB0AAC4CF}.Debug|Any CPU.ActiveCfg = Debug|Any CPU
		{22AE2386-60F1-476E-9303-61CDB0AAC4CF}.Debug|Any CPU.Build.0 = Debug|Any CPU
		{22AE2386-60F1-476E-9303-61CDB0AAC4CF}.Release|Any CPU.ActiveCfg = Release|Any CPU
		{22AE2386-60F1-476E-9303-61CDB0AAC4CF}.Release|Any CPU.Build.0 = Release|Any CPU
		{22AE2386-60F1-476E-9303-61CDB0AAC4CF}.Signed|Any CPU.ActiveCfg = Signed|Any CPU
		{22AE2386-60F1-476E-9303-61CDB0AAC4CF}.Signed|Any CPU.Build.0 = Signed|Any CPU
		{8B4144F8-C439-4416-8A98-05E1BB12AE12}.Debug|Any CPU.ActiveCfg = Debug|Any CPU
		{8B4144F8-C439-4416-8A98-05E1BB12AE12}.Debug|Any CPU.Build.0 = Debug|Any CPU
		{8B4144F8-C439-4416-8A98-05E1BB12AE12}.Release|Any CPU.ActiveCfg = Release|Any CPU
		{8B4144F8-C439-4416-8A98-05E1BB12AE12}.Release|Any CPU.Build.0 = Release|Any CPU
		{8B4144F8-C439-4416-8A98-05E1BB12AE12}.Signed|Any CPU.ActiveCfg = Debug|Any CPU
		{8B4144F8-C439-4416-8A98-05E1BB12AE12}.Signed|Any CPU.Build.0 = Debug|Any CPU
		{9D393CBC-E73F-4732-9E3D-ADD11E7010FC}.Debug|Any CPU.ActiveCfg = Debug|Any CPU
		{9D393CBC-E73F-4732-9E3D-ADD11E7010FC}.Debug|Any CPU.Build.0 = Debug|Any CPU
		{9D393CBC-E73F-4732-9E3D-ADD11E7010FC}.Release|Any CPU.ActiveCfg = Release|Any CPU
		{9D393CBC-E73F-4732-9E3D-ADD11E7010FC}.Release|Any CPU.Build.0 = Release|Any CPU
		{9D393CBC-E73F-4732-9E3D-ADD11E7010FC}.Signed|Any CPU.ActiveCfg = Debug|Any CPU
		{9D393CBC-E73F-4732-9E3D-ADD11E7010FC}.Signed|Any CPU.Build.0 = Debug|Any CPU
	EndGlobalSection
	GlobalSection(SolutionProperties) = preSolution
		HideSolutionNode = FALSE
	EndGlobalSection
	GlobalSection(ExtensibilityGlobals) = postSolution
		SolutionGuid = {33D52016-8793-4635-909A-96A53A7A24DA}
	EndGlobalSection
EndGlobal
